
Microsoft Visual Studio Solution File, Format Version 12.00
# Visual Studio 15
VisualStudioVersion = 15.0.27130.2020
MinimumVisualStudioVersion = 10.0.40219.1
Project("{FAE04EC0-301F-11D3-BF4B-00C04F79EFBC}") = "AddClassToMyReaction", "AddClassToMyReaction\AddClassToMyReaction.csproj", "{C3FC8DF4-0369-4789-85ED-45D1AE0237BA}"
EndProject
Global
	GlobalSection(SolutionConfigurationPlatforms) = preSolution
		Debug|Any CPU = Debug|Any CPU
		Release|Any CPU = Release|Any CPU
	EndGlobalSection
	GlobalSection(ProjectConfigurationPlatforms) = postSolution
		{C3FC8DF4-0369-4789-85ED-45D1AE0237BA}.Debug|Any CPU.ActiveCfg = Debug|Any CPU
		{C3FC8DF4-0369-4789-85ED-45D1AE0237BA}.Debug|Any CPU.Build.0 = Debug|Any CPU
		{C3FC8DF4-0369-4789-85ED-45D1AE0237BA}.Release|Any CPU.ActiveCfg = Release|Any CPU
		{C3FC8DF4-0369-4789-85ED-45D1AE0237BA}.Release|Any CPU.Build.0 = Release|Any CPU
	EndGlobalSection
	GlobalSection(SolutionProperties) = preSolution
		HideSolutionNode = FALSE
	EndGlobalSection
	GlobalSection(ExtensibilityGlobals) = postSolution
		SolutionGuid = {105B9407-B9C1-4ADC-A3AD-E6BED7EB1C31}
	EndGlobalSection
EndGlobal
